// !$*UTF8*$!
{
	archiveVersion = 1;
	classes = {
	};
	objectVersion = 56;
	objects = {

/* Begin PBXBuildFile section */
		AA6370BB2A43C69F003B4F08 /* landmarks_iosApp.swift in Sources */ = {isa = PBXBuildFile; fileRef = AA6370BA2A43C69F003B4F08 /* landmarks_iosApp.swift */; };
		AA6370BD2A43C69F003B4F08 /* ContentView.swift in Sources */ = {isa = PBXBuildFile; fileRef = AA6370BC2A43C69F003B4F08 /* ContentView.swift */; };
		AA6370BF2A43C6A1003B4F08 /* Assets.xcassets in Resources */ = {isa = PBXBuildFile; fileRef = AA6370BE2A43C6A1003B4F08 /* Assets.xcassets */; };
		AA6370C22A43C6A1003B4F08 /* Preview Assets.xcassets in Resources */ = {isa = PBXBuildFile; fileRef = AA6370C12A43C6A1003B4F08 /* Preview Assets.xcassets */; };
		AA6370CC2A43C6A1003B4F08 /* landmarks_iosTests.swift in Sources */ = {isa = PBXBuildFile; fileRef = AA6370CB2A43C6A1003B4F08 /* landmarks_iosTests.swift */; };
		AA6370D62A43C6A1003B4F08 /* landmarks_iosUITests.swift in Sources */ = {isa = PBXBuildFile; fileRef = AA6370D52A43C6A1003B4F08 /* landmarks_iosUITests.swift */; };
		AA6370D82A43C6A1003B4F08 /* landmarks_iosUITestsLaunchTests.swift in Sources */ = {isa = PBXBuildFile; fileRef = AA6370D72A43C6A1003B4F08 /* landmarks_iosUITestsLaunchTests.swift */; };
/* End PBXBuildFile section */

/* Begin PBXContainerItemProxy section */
		AA6370C82A43C6A1003B4F08 /* PBXContainerItemProxy */ = {
			isa = PBXContainerItemProxy;
			containerPortal = AA6370AF2A43C69F003B4F08 /* Project object */;
			proxyType = 1;
			remoteGlobalIDString = AA6370B62A43C69F003B4F08;
			remoteInfo = "landmarks-ios";
		};
		AA6370D22A43C6A1003B4F08 /* PBXContainerItemProxy */ = {
			isa = PBXContainerItemProxy;
			containerPortal = AA6370AF2A43C69F003B4F08 /* Project object */;
			proxyType = 1;
			remoteGlobalIDString = AA6370B62A43C69F003B4F08;
			remoteInfo = "landmarks-ios";
		};
/* End PBXContainerItemProxy section */

/* Begin PBXFileReference section */
		AA6370B72A43C69F003B4F08 /* landmarks-ios.app */ = {isa = PBXFileReference; explicitFileType = wrapper.application; includeInIndex = 0; path = "landmarks-ios.app"; sourceTree = BUILT_PRODUCTS_DIR; };
		AA6370BA2A43C69F003B4F08 /* landmarks_iosApp.swift */ = {isa = PBXFileReference; lastKnownFileType = sourcecode.swift; path = landmarks_iosApp.swift; sourceTree = "<group>"; };
		AA6370BC2A43C69F003B4F08 /* ContentView.swift */ = {isa = PBXFileReference; lastKnownFileType = sourcecode.swift; path = ContentView.swift; sourceTree = "<group>"; };
		AA6370BE2A43C6A1003B4F08 /* Assets.xcassets */ = {isa = PBXFileReference; lastKnownFileType = folder.assetcatalog; path = Assets.xcassets; sourceTree = "<group>"; };
		AA6370C12A43C6A1003B4F08 /* Preview Assets.xcassets */ = {isa = PBXFileReference; lastKnownFileType = folder.assetcatalog; path = "Preview Assets.xcassets"; sourceTree = "<group>"; };
		AA6370C72A43C6A1003B4F08 /* landmarks-iosTests.xctest */ = {isa = PBXFileReference; explicitFileType = wrapper.cfbundle; includeInIndex = 0; path = "landmarks-iosTests.xctest"; sourceTree = BUILT_PRODUCTS_DIR; };
		AA6370CB2A43C6A1003B4F08 /* landmarks_iosTests.swift */ = {isa = PBXFileReference; lastKnownFileType = sourcecode.swift; path = landmarks_iosTests.swift; sourceTree = "<group>"; };
		AA6370D12A43C6A1003B4F08 /* landmarks-iosUITests.xctest */ = {isa = PBXFileReference; explicitFileType = wrapper.cfbundle; includeInIndex = 0; path = "landmarks-iosUITests.xctest"; sourceTree = BUILT_PRODUCTS_DIR; };
		AA6370D52A43C6A1003B4F08 /* landmarks_iosUITests.swift */ = {isa = PBXFileReference; lastKnownFileType = sourcecode.swift; path = landmarks_iosUITests.swift; sourceTree = "<group>"; };
		AA6370D72A43C6A1003B4F08 /* landmarks_iosUITestsLaunchTests.swift */ = {isa = PBXFileReference; lastKnownFileType = sourcecode.swift; path = landmarks_iosUITestsLaunchTests.swift; sourceTree = "<group>"; };
/* End PBXFileReference section */

/* Begin PBXFrameworksBuildPhase section */
		AA6370B42A43C69F003B4F08 /* Frameworks */ = {
			isa = PBXFrameworksBuildPhase;
			buildActionMask = 2147483647;
			files = (
			);
			runOnlyForDeploymentPostprocessing = 0;
		};
		AA6370C42A43C6A1003B4F08 /* Frameworks */ = {
			isa = PBXFrameworksBuildPhase;
			buildActionMask = 2147483647;
			files = (
			);
			runOnlyForDeploymentPostprocessing = 0;
		};
		AA6370CE2A43C6A1003B4F08 /* Frameworks */ = {
			isa = PBXFrameworksBuildPhase;
			buildActionMask = 2147483647;
			files = (
			);
			runOnlyForDeploymentPostprocessing = 0;
		};
/* End PBXFrameworksBuildPhase section */

/* Begin PBXGroup section */
		AA6370AE2A43C69F003B4F08 = {
			isa = PBXGroup;
			children = (
				AA6370B92A43C69F003B4F08 /* landmarks-ios */,
				AA6370CA2A43C6A1003B4F08 /* landmarks-iosTests */,
				AA6370D42A43C6A1003B4F08 /* landmarks-iosUITests */,
				AA6370B82A43C69F003B4F08 /* Products */,
			);
			sourceTree = "<group>";
		};
		AA6370B82A43C69F003B4F08 /* Products */ = {
			isa = PBXGroup;
			children = (
				AA6370B72A43C69F003B4F08 /* landmarks-ios.app */,
				AA6370C72A43C6A1003B4F08 /* landmarks-iosTests.xctest */,
				AA6370D12A43C6A1003B4F08 /* landmarks-iosUITests.xctest */,
			);
			name = Products;
			sourceTree = "<group>";
		};
		AA6370B92A43C69F003B4F08 /* landmarks-ios */ = {
			isa = PBXGroup;
			children = (
				AA6370BA2A43C69F003B4F08 /* landmarks_iosApp.swift */,
				AA6370BC2A43C69F003B4F08 /* ContentView.swift */,
				AA6370BE2A43C6A1003B4F08 /* Assets.xcassets */,
				AA6370C02A43C6A1003B4F08 /* Preview Content */,
			);
			path = "landmarks-ios";
			sourceTree = "<group>";
		};
		AA6370C02A43C6A1003B4F08 /* Preview Content */ = {
			isa = PBXGroup;
			children = (
				AA6370C12A43C6A1003B4F08 /* Preview Assets.xcassets */,
			);
			path = "Preview Content";
			sourceTree = "<group>";
		};
		AA6370CA2A43C6A1003B4F08 /* landmarks-iosTests */ = {
			isa = PBXGroup;
			children = (
				AA6370CB2A43C6A1003B4F08 /* landmarks_iosTests.swift */,
			);
			path = "landmarks-iosTests";
			sourceTree = "<group>";
		};
		AA6370D42A43C6A1003B4F08 /* landmarks-iosUITests */ = {
			isa = PBXGroup;
			children = (
				AA6370D52A43C6A1003B4F08 /* landmarks_iosUITests.swift */,
				AA6370D72A43C6A1003B4F08 /* landmarks_iosUITestsLaunchTests.swift */,
			);
			path = "landmarks-iosUITests";
			sourceTree = "<group>";
		};
/* End PBXGroup section */

/* Begin PBXNativeTarget section */
		AA6370B62A43C69F003B4F08 /* landmarks-ios */ = {
			isa = PBXNativeTarget;
			buildConfigurationList = AA6370DB2A43C6A1003B4F08 /* Build configuration list for PBXNativeTarget "landmarks-ios" */;
			buildPhases = (
				AA6370B32A43C69F003B4F08 /* Sources */,
				AA6370B42A43C69F003B4F08 /* Frameworks */,
				AA6370B52A43C69F003B4F08 /* Resources */,
			);
			buildRules = (
			);
			dependencies = (
			);
			name = "landmarks-ios";
			productName = "landmarks-ios";
			productReference = AA6370B72A43C69F003B4F08 /* landmarks-ios.app */;
			productType = "com.apple.product-type.application";
		};
		AA6370C62A43C6A1003B4F08 /* landmarks-iosTests */ = {
			isa = PBXNativeTarget;
			buildConfigurationList = AA6370DE2A43C6A1003B4F08 /* Build configuration list for PBXNativeTarget "landmarks-iosTests" */;
			buildPhases = (
				AA6370C32A43C6A1003B4F08 /* Sources */,
				AA6370C42A43C6A1003B4F08 /* Frameworks */,
				AA6370C52A43C6A1003B4F08 /* Resources */,
			);
			buildRules = (
			);
			dependencies = (
				AA6370C92A43C6A1003B4F08 /* PBXTargetDependency */,
			);
			name = "landmarks-iosTests";
			productName = "landmarks-iosTests";
			productReference = AA6370C72A43C6A1003B4F08 /* landmarks-iosTests.xctest */;
			productType = "com.apple.product-type.bundle.unit-test";
		};
		AA6370D02A43C6A1003B4F08 /* landmarks-iosUITests */ = {
			isa = PBXNativeTarget;
			buildConfigurationList = AA6370E12A43C6A1003B4F08 /* Build configuration list for PBXNativeTarget "landmarks-iosUITests" */;
			buildPhases = (
				AA6370CD2A43C6A1003B4F08 /* Sources */,
				AA6370CE2A43C6A1003B4F08 /* Frameworks */,
				AA6370CF2A43C6A1003B4F08 /* Resources */,
			);
			buildRules = (
			);
			dependencies = (
				AA6370D32A43C6A1003B4F08 /* PBXTargetDependency */,
			);
			name = "landmarks-iosUITests";
			productName = "landmarks-iosUITests";
			productReference = AA6370D12A43C6A1003B4F08 /* landmarks-iosUITests.xctest */;
			productType = "com.apple.product-type.bundle.ui-testing";
		};
/* End PBXNativeTarget section */

/* Begin PBXProject section */
		AA6370AF2A43C69F003B4F08 /* Project object */ = {
			isa = PBXProject;
			attributes = {
				BuildIndependentTargetsInParallel = 1;
				LastSwiftUpdateCheck = 1420;
				LastUpgradeCheck = 1420;
				TargetAttributes = {
					AA6370B62A43C69F003B4F08 = {
						CreatedOnToolsVersion = 14.2;
					};
					AA6370C62A43C6A1003B4F08 = {
						CreatedOnToolsVersion = 14.2;
						TestTargetID = AA6370B62A43C69F003B4F08;
					};
					AA6370D02A43C6A1003B4F08 = {
						CreatedOnToolsVersion = 14.2;
						TestTargetID = AA6370B62A43C69F003B4F08;
					};
				};
			};
			buildConfigurationList = AA6370B22A43C69F003B4F08 /* Build configuration list for PBXProject "landmarks-ios" */;
			compatibilityVersion = "Xcode 14.0";
			developmentRegion = en;
			hasScannedForEncodings = 0;
			knownRegions = (
				en,
				Base,
			);
			mainGroup = AA6370AE2A43C69F003B4F08;
			productRefGroup = AA6370B82A43C69F003B4F08 /* Products */;
			projectDirPath = "";
			projectRoot = "";
			targets = (
				AA6370B62A43C69F003B4F08 /* landmarks-ios */,
				AA6370C62A43C6A1003B4F08 /* landmarks-iosTests */,
				AA6370D02A43C6A1003B4F08 /* landmarks-iosUITests */,
			);
		};
/* End PBXProject section */

/* Begin PBXResourcesBuildPhase section */
		AA6370B52A43C69F003B4F08 /* Resources */ = {
			isa = PBXResourcesBuildPhase;
			buildActionMask = 2147483647;
			files = (
				AA6370C22A43C6A1003B4F08 /* Preview Assets.xcassets in Resources */,
				AA6370BF2A43C6A1003B4F08 /* Assets.xcassets in Resources */,
			);
			runOnlyForDeploymentPostprocessing = 0;
		};
		AA6370C52A43C6A1003B4F08 /* Resources */ = {
			isa = PBXResourcesBuildPhase;
			buildActionMask = 2147483647;
			files = (
			);
			runOnlyForDeploymentPostprocessing = 0;
		};
		AA6370CF2A43C6A1003B4F08 /* Resources */ = {
			isa = PBXResourcesBuildPhase;
			buildActionMask = 2147483647;
			files = (
			);
			runOnlyForDeploymentPostprocessing = 0;
		};
/* End PBXResourcesBuildPhase section */

/* Begin PBXSourcesBuildPhase section */
		AA6370B32A43C69F003B4F08 /* Sources */ = {
			isa = PBXSourcesBuildPhase;
			buildActionMask = 2147483647;
			files = (
				AA6370BD2A43C69F003B4F08 /* ContentView.swift in Sources */,
				AA6370BB2A43C69F003B4F08 /* landmarks_iosApp.swift in Sources */,
			);
			runOnlyForDeploymentPostprocessing = 0;
		};
		AA6370C32A43C6A1003B4F08 /* Sources */ = {
			isa = PBXSourcesBuildPhase;
			buildActionMask = 2147483647;
			files = (
				AA6370CC2A43C6A1003B4F08 /* landmarks_iosTests.swift in Sources */,
			);
			runOnlyForDeploymentPostprocessing = 0;
		};
		AA6370CD2A43C6A1003B4F08 /* Sources */ = {
			isa = PBXSourcesBuildPhase;
			buildActionMask = 2147483647;
			files = (
				AA6370D82A43C6A1003B4F08 /* landmarks_iosUITestsLaunchTests.swift in Sources */,
				AA6370D62A43C6A1003B4F08 /* landmarks_iosUITests.swift in Sources */,
			);
			runOnlyForDeploymentPostprocessing = 0;
		};
/* End PBXSourcesBuildPhase section */

/* Begin PBXTargetDependency section */
		AA6370C92A43C6A1003B4F08 /* PBXTargetDependency */ = {
			isa = PBXTargetDependency;
			target = AA6370B62A43C69F003B4F08 /* landmarks-ios */;
			targetProxy = AA6370C82A43C6A1003B4F08 /* PBXContainerItemProxy */;
		};
		AA6370D32A43C6A1003B4F08 /* PBXTargetDependency */ = {
			isa = PBXTargetDependency;
			target = AA6370B62A43C69F003B4F08 /* landmarks-ios */;
			targetProxy = AA6370D22A43C6A1003B4F08 /* PBXContainerItemProxy */;
		};
/* End PBXTargetDependency section */

/* Begin XCBuildConfiguration section */
		AA6370D92A43C6A1003B4F08 /* Debug */ = {
			isa = XCBuildConfiguration;
			buildSettings = {
				ALWAYS_SEARCH_USER_PATHS = NO;
				CLANG_ANALYZER_NONNULL = YES;
				CLANG_ANALYZER_NUMBER_OBJECT_CONVERSION = YES_AGGRESSIVE;
				CLANG_CXX_LANGUAGE_STANDARD = "gnu++20";
				CLANG_ENABLE_MODULES = YES;
				CLANG_ENABLE_OBJC_ARC = YES;
				CLANG_ENABLE_OBJC_WEAK = YES;
				CLANG_WARN_BLOCK_CAPTURE_AUTORELEASING = YES;
				CLANG_WARN_BOOL_CONVERSION = YES;
				CLANG_WARN_COMMA = YES;
				CLANG_WARN_CONSTANT_CONVERSION = YES;
				CLANG_WARN_DEPRECATED_OBJC_IMPLEMENTATIONS = YES;
				CLANG_WARN_DIRECT_OBJC_ISA_USAGE = YES_ERROR;
				CLANG_WARN_DOCUMENTATION_COMMENTS = YES;
				CLANG_WARN_EMPTY_BODY = YES;
				CLANG_WARN_ENUM_CONVERSION = YES;
				CLANG_WARN_INFINITE_RECURSION = YES;
				CLANG_WARN_INT_CONVERSION = YES;
				CLANG_WARN_NON_LITERAL_NULL_CONVERSION = YES;
				CLANG_WARN_OBJC_IMPLICIT_RETAIN_SELF = YES;
				CLANG_WARN_OBJC_LITERAL_CONVERSION = YES;
				CLANG_WARN_OBJC_ROOT_CLASS = YES_ERROR;
				CLANG_WARN_QUOTED_INCLUDE_IN_FRAMEWORK_HEADER = YES;
				CLANG_WARN_RANGE_LOOP_ANALYSIS = YES;
				CLANG_WARN_STRICT_PROTOTYPES = YES;
				CLANG_WARN_SUSPICIOUS_MOVE = YES;
				CLANG_WARN_UNGUARDED_AVAILABILITY = YES_AGGRESSIVE;
				CLANG_WARN_UNREACHABLE_CODE = YES;
				CLANG_WARN__DUPLICATE_METHOD_MATCH = YES;
				COPY_PHASE_STRIP = NO;
				DEBUG_INFORMATION_FORMAT = dwarf;
				ENABLE_STRICT_OBJC_MSGSEND = YES;
				ENABLE_TESTABILITY = YES;
				GCC_C_LANGUAGE_STANDARD = gnu11;
				GCC_DYNAMIC_NO_PIC = NO;
				GCC_NO_COMMON_BLOCKS = YES;
				GCC_OPTIMIZATION_LEVEL = 0;
				GCC_PREPROCESSOR_DEFINITIONS = (
					"DEBUG=1",
					"$(inherited)",
				);
				GCC_WARN_64_TO_32_BIT_CONVERSION = YES;
				GCC_WARN_ABOUT_RETURN_TYPE = YES_ERROR;
				GCC_WARN_UNDECLARED_SELECTOR = YES;
				GCC_WARN_UNINITIALIZED_AUTOS = YES_AGGRESSIVE;
				GCC_WARN_UNUSED_FUNCTION = YES;
				GCC_WARN_UNUSED_VARIABLE = YES;
				IPHONEOS_DEPLOYMENT_TARGET = 16.2;
				MTL_ENABLE_DEBUG_INFO = INCLUDE_SOURCE;
				MTL_FAST_MATH = YES;
				ONLY_ACTIVE_ARCH = YES;
				SDKROOT = iphoneos;
				SWIFT_ACTIVE_COMPILATION_CONDITIONS = DEBUG;
				SWIFT_OPTIMIZATION_LEVEL = "-Onone";
			};
			name = Debug;
		};
		AA6370DA2A43C6A1003B4F08 /* Release */ = {
			isa = XCBuildConfiguration;
			buildSettings = {
				ALWAYS_SEARCH_USER_PATHS = NO;
				CLANG_ANALYZER_NONNULL = YES;
				CLANG_ANALYZER_NUMBER_OBJECT_CONVERSION = YES_AGGRESSIVE;
				CLANG_CXX_LANGUAGE_STANDARD = "gnu++20";
				CLANG_ENABLE_MODULES = YES;
				CLANG_ENABLE_OBJC_ARC = YES;
				CLANG_ENABLE_OBJC_WEAK = YES;
				CLANG_WARN_BLOCK_CAPTURE_AUTORELEASING = YES;
				CLANG_WARN_BOOL_CONVERSION = YES;
				CLANG_WARN_COMMA = YES;
				CLANG_WARN_CONSTANT_CONVERSION = YES;
				CLANG_WARN_DEPRECATED_OBJC_IMPLEMENTATIONS = YES;
				CLANG_WARN_DIRECT_OBJC_ISA_USAGE = YES_ERROR;
				CLANG_WARN_DOCUMENTATION_COMMENTS = YES;
				CLANG_WARN_EMPTY_BODY = YES;
				CLANG_WARN_ENUM_CONVERSION = YES;
				CLANG_WARN_INFINITE_RECURSION = YES;
				CLANG_WARN_INT_CONVERSION = YES;
				CLANG_WARN_NON_LITERAL_NULL_CONVERSION = YES;
				CLANG_WARN_OBJC_IMPLICIT_RETAIN_SELF = YES;
				CLANG_WARN_OBJC_LITERAL_CONVERSION = YES;
				CLANG_WARN_OBJC_ROOT_CLASS = YES_ERROR;
				CLANG_WARN_QUOTED_INCLUDE_IN_FRAMEWORK_HEADER = YES;
				CLANG_WARN_RANGE_LOOP_ANALYSIS = YES;
				CLANG_WARN_STRICT_PROTOTYPES = YES;
				CLANG_WARN_SUSPICIOUS_MOVE = YES;
				CLANG_WARN_UNGUARDED_AVAILABILITY = YES_AGGRESSIVE;
				CLANG_WARN_UNREACHABLE_CODE = YES;
				CLANG_WARN__DUPLICATE_METHOD_MATCH = YES;
				COPY_PHASE_STRIP = NO;
				DEBUG_INFORMATION_FORMAT = "dwarf-with-dsym";
				ENABLE_NS_ASSERTIONS = NO;
				ENABLE_STRICT_OBJC_MSGSEND = YES;
				GCC_C_LANGUAGE_STANDARD = gnu11;
				GCC_NO_COMMON_BLOCKS = YES;
				GCC_WARN_64_TO_32_BIT_CONVERSION = YES;
				GCC_WARN_ABOUT_RETURN_TYPE = YES_ERROR;
				GCC_WARN_UNDECLARED_SELECTOR = YES;
				GCC_WARN_UNINITIALIZED_AUTOS = YES_AGGRESSIVE;
				GCC_WARN_UNUSED_FUNCTION = YES;
				GCC_WARN_UNUSED_VARIABLE = YES;
				IPHONEOS_DEPLOYMENT_TARGET = 16.2;
				MTL_ENABLE_DEBUG_INFO = NO;
				MTL_FAST_MATH = YES;
				SDKROOT = iphoneos;
				SWIFT_COMPILATION_MODE = wholemodule;
				SWIFT_OPTIMIZATION_LEVEL = "-O";
				VALIDATE_PRODUCT = YES;
			};
			name = Release;
		};
		AA6370DC2A43C6A1003B4F08 /* Debug */ = {
			isa = XCBuildConfiguration;
			buildSettings = {
				ASSETCATALOG_COMPILER_APPICON_NAME = AppIcon;
				ASSETCATALOG_COMPILER_GLOBAL_ACCENT_COLOR_NAME = AccentColor;
				CODE_SIGN_STYLE = Automatic;
				CURRENT_PROJECT_VERSION = 1;
				DEVELOPMENT_ASSET_PATHS = "\"landmarks-ios/Preview Content\"";
				ENABLE_PREVIEWS = YES;
				GENERATE_INFOPLIST_FILE = YES;
				INFOPLIST_KEY_UIApplicationSceneManifest_Generation = YES;
				INFOPLIST_KEY_UIApplicationSupportsIndirectInputEvents = YES;
				INFOPLIST_KEY_UILaunchScreen_Generation = YES;
				INFOPLIST_KEY_UISupportedInterfaceOrientations_iPad = "UIInterfaceOrientationPortrait UIInterfaceOrientationPortraitUpsideDown UIInterfaceOrientationLandscapeLeft UIInterfaceOrientationLandscapeRight";
				INFOPLIST_KEY_UISupportedInterfaceOrientations_iPhone = "UIInterfaceOrientationPortrait UIInterfaceOrientationLandscapeLeft UIInterfaceOrientationLandscapeRight";
				LD_RUNPATH_SEARCH_PATHS = (
					"$(inherited)",
					"@executable_path/Frameworks",
				);
				MARKETING_VERSION = 1.0;
				PRODUCT_BUNDLE_IDENTIFIER = "micaio.landmarks-ios";
				PRODUCT_NAME = "$(TARGET_NAME)";
				SWIFT_EMIT_LOC_STRINGS = YES;
				SWIFT_VERSION = 5.0;
				TARGETED_DEVICE_FAMILY = "1,2";
			};
			name = Debug;
		};
		AA6370DD2A43C6A1003B4F08 /* Release */ = {
			isa = XCBuildConfiguration;
			buildSettings = {
				ASSETCATALOG_COMPILER_APPICON_NAME = AppIcon;
				ASSETCATALOG_COMPILER_GLOBAL_ACCENT_COLOR_NAME = AccentColor;
				CODE_SIGN_STYLE = Automatic;
				CURRENT_PROJECT_VERSION = 1;
				DEVELOPMENT_ASSET_PATHS = "\"landmarks-ios/Preview Content\"";
				ENABLE_PREVIEWS = YES;
				GENERATE_INFOPLIST_FILE = YES;
				INFOPLIST_KEY_UIApplicationSceneManifest_Generation = YES;
				INFOPLIST_KEY_UIApplicationSupportsIndirectInputEvents = YES;
				INFOPLIST_KEY_UILaunchScreen_Generation = YES;
				INFOPLIST_KEY_UISupportedInterfaceOrientations_iPad = "UIInterfaceOrientationPortrait UIInterfaceOrientationPortraitUpsideDown UIInterfaceOrientationLandscapeLeft UIInterfaceOrientationLandscapeRight";
				INFOPLIST_KEY_UISupportedInterfaceOrientations_iPhone = "UIInterfaceOrientationPortrait UIInterfaceOrientationLandscapeLeft UIInterfaceOrientationLandscapeRight";
				LD_RUNPATH_SEARCH_PATHS = (
					"$(inherited)",
					"@executable_path/Frameworks",
				);
				MARKETING_VERSION = 1.0;
				PRODUCT_BUNDLE_IDENTIFIER = "micaio.landmarks-ios";
				PRODUCT_NAME = "$(TARGET_NAME)";
				SWIFT_EMIT_LOC_STRINGS = YES;
				SWIFT_VERSION = 5.0;
				TARGETED_DEVICE_FAMILY = "1,2";
			};
			name = Release;
		};
		AA6370DF2A43C6A1003B4F08 /* Debug */ = {
			isa = XCBuildConfiguration;
			buildSettings = {
				ALWAYS_EMBED_SWIFT_STANDARD_LIBRARIES = YES;
				BUNDLE_LOADER = "$(TEST_HOST)";
				CODE_SIGN_STYLE = Automatic;
				CURRENT_PROJECT_VERSION = 1;
				GENERATE_INFOPLIST_FILE = YES;
				IPHONEOS_DEPLOYMENT_TARGET = 16.2;
				MARKETING_VERSION = 1.0;
				PRODUCT_BUNDLE_IDENTIFIER = "micaio.landmarks-iosTests";
				PRODUCT_NAME = "$(TARGET_NAME)";
				SWIFT_EMIT_LOC_STRINGS = NO;
				SWIFT_VERSION = 5.0;
				TARGETED_DEVICE_FAMILY = "1,2";
				TEST_HOST = "$(BUILT_PRODUCTS_DIR)/landmarks-ios.app/$(BUNDLE_EXECUTABLE_FOLDER_PATH)/landmarks-ios";
			};
			name = Debug;
		};
		AA6370E02A43C6A1003B4F08 /* Release */ = {
			isa = XCBuildConfiguration;
			buildSettings = {
				ALWAYS_EMBED_SWIFT_STANDARD_LIBRARIES = YES;
				BUNDLE_LOADER = "$(TEST_HOST)";
				CODE_SIGN_STYLE = Automatic;
				CURRENT_PROJECT_VERSION = 1;
				GENERATE_INFOPLIST_FILE = YES;
				IPHONEOS_DEPLOYMENT_TARGET = 16.2;
				MARKETING_VERSION = 1.0;
				PRODUCT_BUNDLE_IDENTIFIER = "micaio.landmarks-iosTests";
				PRODUCT_NAME = "$(TARGET_NAME)";
				SWIFT_EMIT_LOC_STRINGS = NO;
				SWIFT_VERSION = 5.0;
				TARGETED_DEVICE_FAMILY = "1,2";
				TEST_HOST = "$(BUILT_PRODUCTS_DIR)/landmarks-ios.app/$(BUNDLE_EXECUTABLE_FOLDER_PATH)/landmarks-ios";
			};
			name = Release;
		};
		AA6370E22A43C6A1003B4F08 /* Debug */ = {
			isa = XCBuildConfiguration;
			buildSettings = {
				ALWAYS_EMBED_SWIFT_STANDARD_LIBRARIES = YES;
				CODE_SIGN_STYLE = Automatic;
				CURRENT_PROJECT_VERSION = 1;
				GENERATE_INFOPLIST_FILE = YES;
				MARKETING_VERSION = 1.0;
				PRODUCT_BUNDLE_IDENTIFIER = "micaio.landmarks-iosUITests";
				PRODUCT_NAME = "$(TARGET_NAME)";
				SWIFT_EMIT_LOC_STRINGS = NO;
				SWIFT_VERSION = 5.0;
				TARGETED_DEVICE_FAMILY = "1,2";
				TEST_TARGET_NAME = "landmarks-ios";
			};
			name = Debug;
		};
		AA6370E32A43C6A1003B4F08 /* Release */ = {
			isa = XCBuildConfiguration;
			buildSettings = {
				ALWAYS_EMBED_SWIFT_STANDARD_LIBRARIES = YES;
				CODE_SIGN_STYLE = Automatic;
				CURRENT_PROJECT_VERSION = 1;
				GENERATE_INFOPLIST_FILE = YES;
				MARKETING_VERSION = 1.0;
				PRODUCT_BUNDLE_IDENTIFIER = "micaio.landmarks-iosUITests";
				PRODUCT_NAME = "$(TARGET_NAME)";
				SWIFT_EMIT_LOC_STRINGS = NO;
				SWIFT_VERSION = 5.0;
				TARGETED_DEVICE_FAMILY = "1,2";
				TEST_TARGET_NAME = "landmarks-ios";
			};
			name = Release;
		};
/* End XCBuildConfiguration section */

/* Begin XCConfigurationList section */
		AA6370B22A43C69F003B4F08 /* Build configuration list for PBXProject "landmarks-ios" */ = {
			isa = XCConfigurationList;
			buildConfigurations = (
				AA6370D92A43C6A1003B4F08 /* Debug */,
				AA6370DA2A43C6A1003B4F08 /* Release */,
			);
			defaultConfigurationIsVisible = 0;
			defaultConfigurationName = Release;
		};
		AA6370DB2A43C6A1003B4F08 /* Build configuration list for PBXNativeTarget "landmarks-ios" */ = {
			isa = XCConfigurationList;
			buildConfigurations = (
				AA6370DC2A43C6A1003B4F08 /* Debug */,
				AA6370DD2A43C6A1003B4F08 /* Release */,
			);
			defaultConfigurationIsVisible = 0;
			defaultConfigurationName = Release;
		};
		AA6370DE2A43C6A1003B4F08 /* Build configuration list for PBXNativeTarget "landmarks-iosTests" */ = {
			isa = XCConfigurationList;
			buildConfigurations = (
				AA6370DF2A43C6A1003B4F08 /* Debug */,
				AA6370E02A43C6A1003B4F08 /* Release */,
			);
			defaultConfigurationIsVisible = 0;
			defaultConfigurationName = Release;
		};
		AA6370E12A43C6A1003B4F08 /* Build configuration list for PBXNativeTarget "landmarks-iosUITests" */ = {
			isa = XCConfigurationList;
			buildConfigurations = (
				AA6370E22A43C6A1003B4F08 /* Debug */,
				AA6370E32A43C6A1003B4F08 /* Release */,
			);
			defaultConfigurationIsVisible = 0;
			defaultConfigurationName = Release;
		};
/* End XCConfigurationList section */
	};
	rootObject = AA6370AF2A43C69F003B4F08 /* Project object */;
}
